
Microsoft Visual Studio Solution File, Format Version 12.00
# Visual Studio Version 16
VisualStudioVersion = 16.0.30804.86
MinimumVisualStudioVersion = 10.0.40219.1
Project("{2150E333-8FDC-42A3-9474-1A3956D46DE8}") = "Services", "Services", "{BC72E00F-00B5-49CD-8597-3602E7CC16F7}"
EndProject
Project("{2150E333-8FDC-42A3-9474-1A3956D46DE8}") = "WebApps", "WebApps", "{BD7A4132-3B69-4779-A201-EEEF2E4F9D36}"
EndProject
Project("{2150E333-8FDC-42A3-9474-1A3956D46DE8}") = "Cadastros", "Cadastros", "{E4420DB8-FE87-4523-AB40-E0CEE16F2AB6}"
EndProject
Project("{2150E333-8FDC-42A3-9474-1A3956D46DE8}") = "Catalogo", "Catalogo", "{53CFCF75-2A64-408B-AD72-BC8F84A5E802}"
EndProject
Project("{2150E333-8FDC-42A3-9474-1A3956D46DE8}") = "Core", "Core", "{D4811250-E37D-480C-BFE5-953C721B457A}"
EndProject
Project("{2150E333-8FDC-42A3-9474-1A3956D46DE8}") = "Fiscal", "Fiscal", "{3341C776-7109-43D2-AB9E-E50FD6F1CAF6}"
EndProject
Project("{2150E333-8FDC-42A3-9474-1A3956D46DE8}") = "Pagamentos", "Pagamentos", "{15502B30-9487-48C8-9110-01FB4925EBFE}"
EndProject
Project("{2150E333-8FDC-42A3-9474-1A3956D46DE8}") = "Vendas", "Vendas", "{1354D049-41FB-4926-B7E7-4C7E92A56181}"
EndProject
Project("{9A19103F-16F7-4668-BE54-9A1E7A4F7556}") = "NerdStore.Catalogo.Domain", "src\NerdStore.Catalogo.Domain\NerdStore.Catalogo.Domain.csproj", "{5B81BF47-D114-4047-9B70-50E100F2153A}"
EndProject
Project("{9A19103F-16F7-4668-BE54-9A1E7A4F7556}") = "NerdStore.Core", "src\NerdStore.Core\NerdStore.Core.csproj", "{B6E3CC61-0F0E-45E0-8F4A-49A71D754232}"
EndProject
Project("{2150E333-8FDC-42A3-9474-1A3956D46DE8}") = "Tests", "Tests", "{63A8F45A-E301-4E2F-862F-B59D2F23AC48}"
EndProject
Project("{9A19103F-16F7-4668-BE54-9A1E7A4F7556}") = "NerdStore.Catalogo.Domain.Tests", "tests\NerdStore.Catalogo.Domain.Tests\NerdStore.Catalogo.Domain.Tests.csproj", "{300DD924-E1E1-4CA4-97CE-77F0008097EA}"
EndProject
Project("{9A19103F-16F7-4668-BE54-9A1E7A4F7556}") = "NerdStore.Catalogo.Data", "src\NerdStore.Catalogo.Data\NerdStore.Catalogo.Data.csproj", "{490CEF0F-8D70-482C-9C1C-E5F6C61CA7C0}"
EndProject
Project("{9A19103F-16F7-4668-BE54-9A1E7A4F7556}") = "NerdStore.Catalogo.Application", "src\NerdStore.Catalogo.Application\NerdStore.Catalogo.Application.csproj", "{965E9E33-C1A9-415D-AE9A-E72F8E5DCFBC}"
EndProject
Project("{9A19103F-16F7-4668-BE54-9A1E7A4F7556}") = "NerdStore.WebApp.MVC", "src\NerdStore.WebApp.MVC\NerdStore.WebApp.MVC.csproj", "{34B167D4-039F-443E-987B-509E2E229797}"
EndProject
Project("{9A19103F-16F7-4668-BE54-9A1E7A4F7556}") = "NerdStore.Vendas.Domain", "src\NerdStore.Vendas.Domain\NerdStore.Vendas.Domain.csproj", "{663A907E-F906-40A7-AA85-0DA7761C11FE}"
EndProject
Project("{9A19103F-16F7-4668-BE54-9A1E7A4F7556}") = "NerdStore.Vendas.Application", "src\NerdStore.Vendas.Application\NerdStore.Vendas.Application.csproj", "{D696E6CA-B06E-4D54-AADD-A8D6F5DBED95}"
EndProject
Project("{9A19103F-16F7-4668-BE54-9A1E7A4F7556}") = "NerdStore.Vendas.Data", "src\NerdStore.Vendas.Data\NerdStore.Vendas.Data.csproj", "{EDEBB878-2571-427B-B7F5-FD2756E7F913}"
EndProject
Project("{2150E333-8FDC-42A3-9474-1A3956D46DE8}") = "BuildingBlocks", "BuildingBlocks", "{BB43947F-BECD-44EC-AC4F-44130008D111}"
EndProject
Project("{FAE04EC0-301F-11D3-BF4B-00C04F79EFBC}") = "EventSourcing", "src\EventSourcing\EventSourcing.csproj", "{74935467-2625-4EEA-9819-96239CC01D43}"
EndProject
Project("{9A19103F-16F7-4668-BE54-9A1E7A4F7556}") = "NerdStore.Pagamentos.AntiCorruption", "src\NerdStore.Pagamentos.AntiCorruption\NerdStore.Pagamentos.AntiCorruption.csproj", "{199D6E65-118B-4BD2-98F8-5E05E916CCD6}"
EndProject
Project("{9A19103F-16F7-4668-BE54-9A1E7A4F7556}") = "NerdStore.Pagamentos.Business", "src\NerdStore.Pagamentos.Business\NerdStore.Pagamentos.Business.csproj", "{C6F37358-EF59-4B03-AB41-B4A96BD7FDFF}"
EndProject
Project("{9A19103F-16F7-4668-BE54-9A1E7A4F7556}") = "NerdStore.Pagamentos.Data", "src\NerdStore.Pagamentos.Data\NerdStore.Pagamentos.Data.csproj", "{44082098-3FDE-4939-9034-2F4AF25AD8F2}"
EndProject
Global
	GlobalSection(SolutionConfigurationPlatforms) = preSolution
		Debug|Any CPU = Debug|Any CPU
		Release|Any CPU = Release|Any CPU
	EndGlobalSection
	GlobalSection(ProjectConfigurationPlatforms) = postSolution
		{5B81BF47-D114-4047-9B70-50E100F2153A}.Debug|Any CPU.ActiveCfg = Debug|Any CPU
		{5B81BF47-D114-4047-9B70-50E100F2153A}.Debug|Any CPU.Build.0 = Debug|Any CPU
		{5B81BF47-D114-4047-9B70-50E100F2153A}.Release|Any CPU.ActiveCfg = Release|Any CPU
		{5B81BF47-D114-4047-9B70-50E100F2153A}.Release|Any CPU.Build.0 = Release|Any CPU
		{B6E3CC61-0F0E-45E0-8F4A-49A71D754232}.Debug|Any CPU.ActiveCfg = Debug|Any CPU
		{B6E3CC61-0F0E-45E0-8F4A-49A71D754232}.Debug|Any CPU.Build.0 = Debug|Any CPU
		{B6E3CC61-0F0E-45E0-8F4A-49A71D754232}.Release|Any CPU.ActiveCfg = Release|Any CPU
		{B6E3CC61-0F0E-45E0-8F4A-49A71D754232}.Release|Any CPU.Build.0 = Release|Any CPU
		{300DD924-E1E1-4CA4-97CE-77F0008097EA}.Debug|Any CPU.ActiveCfg = Debug|Any CPU
		{300DD924-E1E1-4CA4-97CE-77F0008097EA}.Debug|Any CPU.Build.0 = Debug|Any CPU
		{300DD924-E1E1-4CA4-97CE-77F0008097EA}.Release|Any CPU.ActiveCfg = Release|Any CPU
		{300DD924-E1E1-4CA4-97CE-77F0008097EA}.Release|Any CPU.Build.0 = Release|Any CPU
		{490CEF0F-8D70-482C-9C1C-E5F6C61CA7C0}.Debug|Any CPU.ActiveCfg = Debug|Any CPU
		{490CEF0F-8D70-482C-9C1C-E5F6C61CA7C0}.Debug|Any CPU.Build.0 = Debug|Any CPU
		{490CEF0F-8D70-482C-9C1C-E5F6C61CA7C0}.Release|Any CPU.ActiveCfg = Release|Any CPU
		{490CEF0F-8D70-482C-9C1C-E5F6C61CA7C0}.Release|Any CPU.Build.0 = Release|Any CPU
		{965E9E33-C1A9-415D-AE9A-E72F8E5DCFBC}.Debug|Any CPU.ActiveCfg = Debug|Any CPU
		{965E9E33-C1A9-415D-AE9A-E72F8E5DCFBC}.Debug|Any CPU.Build.0 = Debug|Any CPU
		{965E9E33-C1A9-415D-AE9A-E72F8E5DCFBC}.Release|Any CPU.ActiveCfg = Release|Any CPU
		{965E9E33-C1A9-415D-AE9A-E72F8E5DCFBC}.Release|Any CPU.Build.0 = Release|Any CPU
		{34B167D4-039F-443E-987B-509E2E229797}.Debug|Any CPU.ActiveCfg = Debug|Any CPU
		{34B167D4-039F-443E-987B-509E2E229797}.Debug|Any CPU.Build.0 = Debug|Any CPU
		{34B167D4-039F-443E-987B-509E2E229797}.Release|Any CPU.ActiveCfg = Release|Any CPU
		{34B167D4-039F-443E-987B-509E2E229797}.Release|Any CPU.Build.0 = Release|Any CPU
		{663A907E-F906-40A7-AA85-0DA7761C11FE}.Debug|Any CPU.ActiveCfg = Debug|Any CPU
		{663A907E-F906-40A7-AA85-0DA7761C11FE}.Debug|Any CPU.Build.0 = Debug|Any CPU
		{663A907E-F906-40A7-AA85-0DA7761C11FE}.Release|Any CPU.ActiveCfg = Release|Any CPU
		{663A907E-F906-40A7-AA85-0DA7761C11FE}.Release|Any CPU.Build.0 = Release|Any CPU
		{D696E6CA-B06E-4D54-AADD-A8D6F5DBED95}.Debug|Any CPU.ActiveCfg = Debug|Any CPU
		{D696E6CA-B06E-4D54-AADD-A8D6F5DBED95}.Debug|Any CPU.Build.0 = Debug|Any CPU
		{D696E6CA-B06E-4D54-AADD-A8D6F5DBED95}.Release|Any CPU.ActiveCfg = Release|Any CPU
		{D696E6CA-B06E-4D54-AADD-A8D6F5DBED95}.Release|Any CPU.Build.0 = Release|Any CPU
		{EDEBB878-2571-427B-B7F5-FD2756E7F913}.Debug|Any CPU.ActiveCfg = Debug|Any CPU
		{EDEBB878-2571-427B-B7F5-FD2756E7F913}.Debug|Any CPU.Build.0 = Debug|Any CPU
		{EDEBB878-2571-427B-B7F5-FD2756E7F913}.Release|Any CPU.ActiveCfg = Release|Any CPU
		{EDEBB878-2571-427B-B7F5-FD2756E7F913}.Release|Any CPU.Build.0 = Release|Any CPU
		{74935467-2625-4EEA-9819-96239CC01D43}.Debug|Any CPU.ActiveCfg = Debug|Any CPU
		{74935467-2625-4EEA-9819-96239CC01D43}.Debug|Any CPU.Build.0 = Debug|Any CPU
		{74935467-2625-4EEA-9819-96239CC01D43}.Release|Any CPU.ActiveCfg = Release|Any CPU
		{74935467-2625-4EEA-9819-96239CC01D43}.Release|Any CPU.Build.0 = Release|Any CPU
		{199D6E65-118B-4BD2-98F8-5E05E916CCD6}.Debug|Any CPU.ActiveCfg = Debug|Any CPU
		{199D6E65-118B-4BD2-98F8-5E05E916CCD6}.Debug|Any CPU.Build.0 = Debug|Any CPU
		{199D6E65-118B-4BD2-98F8-5E05E916CCD6}.Release|Any CPU.ActiveCfg = Release|Any CPU
		{199D6E65-118B-4BD2-98F8-5E05E916CCD6}.Release|Any CPU.Build.0 = Release|Any CPU
		{C6F37358-EF59-4B03-AB41-B4A96BD7FDFF}.Debug|Any CPU.ActiveCfg = Debug|Any CPU
		{C6F37358-EF59-4B03-AB41-B4A96BD7FDFF}.Debug|Any CPU.Build.0 = Debug|Any CPU
		{C6F37358-EF59-4B03-AB41-B4A96BD7FDFF}.Release|Any CPU.ActiveCfg = Release|Any CPU
		{C6F37358-EF59-4B03-AB41-B4A96BD7FDFF}.Release|Any CPU.Build.0 = Release|Any CPU
		{44082098-3FDE-4939-9034-2F4AF25AD8F2}.Debug|Any CPU.ActiveCfg = Debug|Any CPU
		{44082098-3FDE-4939-9034-2F4AF25AD8F2}.Debug|Any CPU.Build.0 = Debug|Any CPU
		{44082098-3FDE-4939-9034-2F4AF25AD8F2}.Release|Any CPU.ActiveCfg = Release|Any CPU
		{44082098-3FDE-4939-9034-2F4AF25AD8F2}.Release|Any CPU.Build.0 = Release|Any CPU
	EndGlobalSection
	GlobalSection(SolutionProperties) = preSolution
		HideSolutionNode = FALSE
	EndGlobalSection
	GlobalSection(NestedProjects) = preSolution
		{E4420DB8-FE87-4523-AB40-E0CEE16F2AB6} = {BC72E00F-00B5-49CD-8597-3602E7CC16F7}
		{53CFCF75-2A64-408B-AD72-BC8F84A5E802} = {BC72E00F-00B5-49CD-8597-3602E7CC16F7}
		{D4811250-E37D-480C-BFE5-953C721B457A} = {BC72E00F-00B5-49CD-8597-3602E7CC16F7}
		{3341C776-7109-43D2-AB9E-E50FD6F1CAF6} = {BC72E00F-00B5-49CD-8597-3602E7CC16F7}
		{15502B30-9487-48C8-9110-01FB4925EBFE} = {BC72E00F-00B5-49CD-8597-3602E7CC16F7}
		{1354D049-41FB-4926-B7E7-4C7E92A56181} = {BC72E00F-00B5-49CD-8597-3602E7CC16F7}
		{5B81BF47-D114-4047-9B70-50E100F2153A} = {53CFCF75-2A64-408B-AD72-BC8F84A5E802}
		{B6E3CC61-0F0E-45E0-8F4A-49A71D754232} = {D4811250-E37D-480C-BFE5-953C721B457A}
		{63A8F45A-E301-4E2F-862F-B59D2F23AC48} = {53CFCF75-2A64-408B-AD72-BC8F84A5E802}
		{300DD924-E1E1-4CA4-97CE-77F0008097EA} = {63A8F45A-E301-4E2F-862F-B59D2F23AC48}
		{490CEF0F-8D70-482C-9C1C-E5F6C61CA7C0} = {53CFCF75-2A64-408B-AD72-BC8F84A5E802}
		{965E9E33-C1A9-415D-AE9A-E72F8E5DCFBC} = {53CFCF75-2A64-408B-AD72-BC8F84A5E802}
		{34B167D4-039F-443E-987B-509E2E229797} = {BD7A4132-3B69-4779-A201-EEEF2E4F9D36}
		{663A907E-F906-40A7-AA85-0DA7761C11FE} = {1354D049-41FB-4926-B7E7-4C7E92A56181}
		{D696E6CA-B06E-4D54-AADD-A8D6F5DBED95} = {1354D049-41FB-4926-B7E7-4C7E92A56181}
		{EDEBB878-2571-427B-B7F5-FD2756E7F913} = {1354D049-41FB-4926-B7E7-4C7E92A56181}
		{74935467-2625-4EEA-9819-96239CC01D43} = {BB43947F-BECD-44EC-AC4F-44130008D111}
		{199D6E65-118B-4BD2-98F8-5E05E916CCD6} = {15502B30-9487-48C8-9110-01FB4925EBFE}
		{C6F37358-EF59-4B03-AB41-B4A96BD7FDFF} = {15502B30-9487-48C8-9110-01FB4925EBFE}
		{44082098-3FDE-4939-9034-2F4AF25AD8F2} = {15502B30-9487-48C8-9110-01FB4925EBFE}
	EndGlobalSection
	GlobalSection(ExtensibilityGlobals) = postSolution
		SolutionGuid = {AC669EA1-ECC5-4D1B-9A12-5EA8E6DEFCC1}
	EndGlobalSection
EndGlobal
